
Microsoft Visual Studio Solution File, Format Version 12.00
# Visual Studio 2012
Project("{FAE04EC0-301F-11D3-BF4B-00C04F79EFBC}") = "XamarinFormsSample", "XamarinFormsSample.csproj", "{3CD2693E-AA57-4BF1-89FF-FC1F7D4B1EFB}"
EndProject
Project("{FAE04EC0-301F-11D3-BF4B-00C04F79EFBC}") = "XamarinFormsSample.Droid", "Droid\XamarinFormsSample.Droid.csproj", "{C0528388-3E64-42D4-82EA-57E7A8279E03}"
EndProject
Project("{FAE04EC0-301F-11D3-BF4B-00C04F79EFBC}") = "XamarinFormsSample.iOS", "iOS\XamarinFormsSample.iOS.csproj", "{1F02DA3D-B8CD-45B9-ACF3-FCD078B5558B}"
EndProject
Global
	GlobalSection(SolutionConfigurationPlatforms) = preSolution
		Debug|Any CPU = Debug|Any CPU
		Release|Any CPU = Release|Any CPU
		Debug|iPhoneSimulator = Debug|iPhoneSimulator
		Release|iPhone = Release|iPhone
		Release|iPhoneSimulator = Release|iPhoneSimulator
		Debug|iPhone = Debug|iPhone
	EndGlobalSection
	GlobalSection(ProjectConfigurationPlatforms) = postSolution
		{1F02DA3D-B8CD-45B9-ACF3-FCD078B5558B}.Debug|Any CPU.ActiveCfg = Debug|iPhoneSimulator
		{1F02DA3D-B8CD-45B9-ACF3-FCD078B5558B}.Debug|Any CPU.Build.0 = Debug|iPhoneSimulator
		{1F02DA3D-B8CD-45B9-ACF3-FCD078B5558B}.Debug|iPhone.ActiveCfg = Debug|iPhone
		{1F02DA3D-B8CD-45B9-ACF3-FCD078B5558B}.Debug|iPhone.Build.0 = Debug|iPhone
		{1F02DA3D-B8CD-45B9-ACF3-FCD078B5558B}.Debug|iPhoneSimulator.ActiveCfg = Debug|iPhoneSimulator
		{1F02DA3D-B8CD-45B9-ACF3-FCD078B5558B}.Debug|iPhoneSimulator.Build.0 = Debug|iPhoneSimulator
		{1F02DA3D-B8CD-45B9-ACF3-FCD078B5558B}.Release|Any CPU.ActiveCfg = Release|iPhone
		{1F02DA3D-B8CD-45B9-ACF3-FCD078B5558B}.Release|Any CPU.Build.0 = Release|iPhone
		{1F02DA3D-B8CD-45B9-ACF3-FCD078B5558B}.Release|iPhone.ActiveCfg = Release|iPhone
		{1F02DA3D-B8CD-45B9-ACF3-FCD078B5558B}.Release|iPhone.Build.0 = Release|iPhone
		{1F02DA3D-B8CD-45B9-ACF3-FCD078B5558B}.Release|iPhoneSimulator.ActiveCfg = Release|iPhoneSimulator
		{1F02DA3D-B8CD-45B9-ACF3-FCD078B5558B}.Release|iPhoneSimulator.Build.0 = Release|iPhoneSimulator
		{3CD2693E-AA57-4BF1-89FF-FC1F7D4B1EFB}.Debug|Any CPU.ActiveCfg = Debug|Any CPU
		{3CD2693E-AA57-4BF1-89FF-FC1F7D4B1EFB}.Debug|Any CPU.Build.0 = Debug|Any CPU
		{3CD2693E-AA57-4BF1-89FF-FC1F7D4B1EFB}.Debug|iPhone.ActiveCfg = Debug|Any CPU
		{3CD2693E-AA57-4BF1-89FF-FC1F7D4B1EFB}.Debug|iPhone.Build.0 = Debug|Any CPU
		{3CD2693E-AA57-4BF1-89FF-FC1F7D4B1EFB}.Debug|iPhoneSimulator.ActiveCfg = Debug|Any CPU
		{3CD2693E-AA57-4BF1-89FF-FC1F7D4B1EFB}.Debug|iPhoneSimulator.Build.0 = Debug|Any CPU
		{3CD2693E-AA57-4BF1-89FF-FC1F7D4B1EFB}.Release|Any CPU.ActiveCfg = Release|Any CPU
		{3CD2693E-AA57-4BF1-89FF-FC1F7D4B1EFB}.Release|Any CPU.Build.0 = Release|Any CPU
		{3CD2693E-AA57-4BF1-89FF-FC1F7D4B1EFB}.Release|iPhone.ActiveCfg = Release|Any CPU
		{3CD2693E-AA57-4BF1-89FF-FC1F7D4B1EFB}.Release|iPhone.Build.0 = Release|Any CPU
		{3CD2693E-AA57-4BF1-89FF-FC1F7D4B1EFB}.Release|iPhoneSimulator.ActiveCfg = Release|Any CPU
		{3CD2693E-AA57-4BF1-89FF-FC1F7D4B1EFB}.Release|iPhoneSimulator.Build.0 = Release|Any CPU
		{C0528388-3E64-42D4-82EA-57E7A8279E03}.Debug|Any CPU.ActiveCfg = Debug|Any CPU
		{C0528388-3E64-42D4-82EA-57E7A8279E03}.Debug|Any CPU.Build.0 = Debug|Any CPU
		{C0528388-3E64-42D4-82EA-57E7A8279E03}.Debug|iPhone.ActiveCfg = Debug|Any CPU
		{C0528388-3E64-42D4-82EA-57E7A8279E03}.Debug|iPhone.Build.0 = Debug|Any CPU
		{C0528388-3E64-42D4-82EA-57E7A8279E03}.Debug|iPhoneSimulator.ActiveCfg = Debug|Any CPU
		{C0528388-3E64-42D4-82EA-57E7A8279E03}.Debug|iPhoneSimulator.Build.0 = Debug|Any CPU
		{C0528388-3E64-42D4-82EA-57E7A8279E03}.Release|Any CPU.ActiveCfg = Release|Any CPU
		{C0528388-3E64-42D4-82EA-57E7A8279E03}.Release|Any CPU.Build.0 = Release|Any CPU
		{C0528388-3E64-42D4-82EA-57E7A8279E03}.Release|iPhone.ActiveCfg = Release|Any CPU
		{C0528388-3E64-42D4-82EA-57E7A8279E03}.Release|iPhone.Build.0 = Release|Any CPU
		{C0528388-3E64-42D4-82EA-57E7A8279E03}.Release|iPhoneSimulator.ActiveCfg = Release|Any CPU
		{C0528388-3E64-42D4-82EA-57E7A8279E03}.Release|iPhoneSimulator.Build.0 = Release|Any CPU
	EndGlobalSection
EndGlobal
