
Microsoft Visual Studio Solution File, Format Version 12.00
# Visual Studio 2012
Project("{FAE04EC0-301F-11D3-BF4B-00C04F79EFBC}") = "PDFFormCreationSample", "PDFFormCreationSample.csproj", "{0F8977CF-125B-4C78-95B7-67E6FE55F666}"
EndProject
Project("{FAE04EC0-301F-11D3-BF4B-00C04F79EFBC}") = "PDFFormCreationSample.iOS", "iOS\PDFFormCreationSample.iOS.csproj", "{403A1BF4-D4BA-4E49-A638-5F31A1A82216}"
EndProject
Project("{FAE04EC0-301F-11D3-BF4B-00C04F79EFBC}") = "PDFFormCreationSample.Droid", "Droid\PDFFormCreationSample.Droid.csproj", "{7EDF8979-E2E1-4A17-BD16-6014629E96EE}"
EndProject
Global
	GlobalSection(SolutionConfigurationPlatforms) = preSolution
		Debug|Any CPU = Debug|Any CPU
		Release|Any CPU = Release|Any CPU
		Debug|iPhoneSimulator = Debug|iPhoneSimulator
		Release|iPhone = Release|iPhone
		Release|iPhoneSimulator = Release|iPhoneSimulator
		Debug|iPhone = Debug|iPhone
	EndGlobalSection
	GlobalSection(ProjectConfigurationPlatforms) = postSolution
		{0F8977CF-125B-4C78-95B7-67E6FE55F666}.Debug|Any CPU.ActiveCfg = Debug|Any CPU
		{0F8977CF-125B-4C78-95B7-67E6FE55F666}.Debug|Any CPU.Build.0 = Debug|Any CPU
		{0F8977CF-125B-4C78-95B7-67E6FE55F666}.Debug|iPhone.ActiveCfg = Debug|Any CPU
		{0F8977CF-125B-4C78-95B7-67E6FE55F666}.Debug|iPhone.Build.0 = Debug|Any CPU
		{0F8977CF-125B-4C78-95B7-67E6FE55F666}.Debug|iPhoneSimulator.ActiveCfg = Debug|Any CPU
		{0F8977CF-125B-4C78-95B7-67E6FE55F666}.Debug|iPhoneSimulator.Build.0 = Debug|Any CPU
		{0F8977CF-125B-4C78-95B7-67E6FE55F666}.Release|Any CPU.ActiveCfg = Release|Any CPU
		{0F8977CF-125B-4C78-95B7-67E6FE55F666}.Release|Any CPU.Build.0 = Release|Any CPU
		{0F8977CF-125B-4C78-95B7-67E6FE55F666}.Release|iPhone.ActiveCfg = Release|Any CPU
		{0F8977CF-125B-4C78-95B7-67E6FE55F666}.Release|iPhone.Build.0 = Release|Any CPU
		{0F8977CF-125B-4C78-95B7-67E6FE55F666}.Release|iPhoneSimulator.ActiveCfg = Release|Any CPU
		{0F8977CF-125B-4C78-95B7-67E6FE55F666}.Release|iPhoneSimulator.Build.0 = Release|Any CPU
		{403A1BF4-D4BA-4E49-A638-5F31A1A82216}.Debug|Any CPU.ActiveCfg = Debug|iPhoneSimulator
		{403A1BF4-D4BA-4E49-A638-5F31A1A82216}.Debug|Any CPU.Build.0 = Debug|iPhoneSimulator
		{403A1BF4-D4BA-4E49-A638-5F31A1A82216}.Debug|iPhone.ActiveCfg = Debug|iPhone
		{403A1BF4-D4BA-4E49-A638-5F31A1A82216}.Debug|iPhone.Build.0 = Debug|iPhone
		{403A1BF4-D4BA-4E49-A638-5F31A1A82216}.Debug|iPhoneSimulator.ActiveCfg = Debug|iPhoneSimulator
		{403A1BF4-D4BA-4E49-A638-5F31A1A82216}.Debug|iPhoneSimulator.Build.0 = Debug|iPhoneSimulator
		{403A1BF4-D4BA-4E49-A638-5F31A1A82216}.Release|Any CPU.ActiveCfg = Release|iPhone
		{403A1BF4-D4BA-4E49-A638-5F31A1A82216}.Release|Any CPU.Build.0 = Release|iPhone
		{403A1BF4-D4BA-4E49-A638-5F31A1A82216}.Release|iPhone.ActiveCfg = Release|iPhone
		{403A1BF4-D4BA-4E49-A638-5F31A1A82216}.Release|iPhone.Build.0 = Release|iPhone
		{403A1BF4-D4BA-4E49-A638-5F31A1A82216}.Release|iPhoneSimulator.ActiveCfg = Release|iPhoneSimulator
		{403A1BF4-D4BA-4E49-A638-5F31A1A82216}.Release|iPhoneSimulator.Build.0 = Release|iPhoneSimulator
		{7EDF8979-E2E1-4A17-BD16-6014629E96EE}.Debug|Any CPU.ActiveCfg = Debug|Any CPU
		{7EDF8979-E2E1-4A17-BD16-6014629E96EE}.Debug|Any CPU.Build.0 = Debug|Any CPU
		{7EDF8979-E2E1-4A17-BD16-6014629E96EE}.Debug|iPhone.ActiveCfg = Debug|Any CPU
		{7EDF8979-E2E1-4A17-BD16-6014629E96EE}.Debug|iPhone.Build.0 = Debug|Any CPU
		{7EDF8979-E2E1-4A17-BD16-6014629E96EE}.Debug|iPhoneSimulator.ActiveCfg = Debug|Any CPU
		{7EDF8979-E2E1-4A17-BD16-6014629E96EE}.Debug|iPhoneSimulator.Build.0 = Debug|Any CPU
		{7EDF8979-E2E1-4A17-BD16-6014629E96EE}.Release|Any CPU.ActiveCfg = Release|Any CPU
		{7EDF8979-E2E1-4A17-BD16-6014629E96EE}.Release|Any CPU.Build.0 = Release|Any CPU
		{7EDF8979-E2E1-4A17-BD16-6014629E96EE}.Release|iPhone.ActiveCfg = Release|Any CPU
		{7EDF8979-E2E1-4A17-BD16-6014629E96EE}.Release|iPhone.Build.0 = Release|Any CPU
		{7EDF8979-E2E1-4A17-BD16-6014629E96EE}.Release|iPhoneSimulator.ActiveCfg = Release|Any CPU
		{7EDF8979-E2E1-4A17-BD16-6014629E96EE}.Release|iPhoneSimulator.Build.0 = Release|Any CPU
	EndGlobalSection
EndGlobal
